
Microsoft Visual Studio Solution File, Format Version 12.00
# Visual Studio 2012
Project("{FAE04EC0-301F-11D3-BF4B-00C04F79EFBC}") = "SellToMi", "SellToMi\SellToMi.csproj", "{BC3E63C6-D8A5-430B-8D07-CB0DAB004B15}"
EndProject
Global
	GlobalSection(SolutionConfigurationPlatforms) = preSolution
		Debug|Any CPU = Debug|Any CPU
		Release|Any CPU = Release|Any CPU
	EndGlobalSection
	GlobalSection(ProjectConfigurationPlatforms) = postSolution
		{BC3E63C6-D8A5-430B-8D07-CB0DAB004B15}.Debug|Any CPU.ActiveCfg = Debug|Any CPU
		{BC3E63C6-D8A5-430B-8D07-CB0DAB004B15}.Debug|Any CPU.Build.0 = Debug|Any CPU
		{BC3E63C6-D8A5-430B-8D07-CB0DAB004B15}.Release|Any CPU.ActiveCfg = Release|Any CPU
		{BC3E63C6-D8A5-430B-8D07-CB0DAB004B15}.Release|Any CPU.Build.0 = Release|Any CPU
	EndGlobalSection
	GlobalSection(SolutionProperties) = preSolution
		HideSolutionNode = FALSE
	EndGlobalSection
EndGlobal
